
Microsoft Visual Studio Solution File, Format Version 12.00
# Visual Studio Version 16
VisualStudioVersion = 16.0.30413.136
MinimumVisualStudioVersion = 10.0.40219.1
Project("{FAE04EC0-301F-11D3-BF4B-00C04F79EFBC}") = "JustinsASS", "JustinsASS.csproj", "{F1AF6A1C-3A18-4345-8B3D-366BA480E494}"
EndProject
Project("{FAE04EC0-301F-11D3-BF4B-00C04F79EFBC}") = "ASSTests", "Tests\ASSTests\ASSTests.csproj", "{9A79B720-2E75-421D-8CE3-5B688842EC01}"
EndProject
Global
	GlobalSection(SolutionConfigurationPlatforms) = preSolution
		Debug|Any CPU = Debug|Any CPU
		Release|Any CPU = Release|Any CPU
	EndGlobalSection
	GlobalSection(ProjectConfigurationPlatforms) = postSolution
		{F1AF6A1C-3A18-4345-8B3D-366BA480E494}.Debug|Any CPU.ActiveCfg = Debug|Any CPU
		{F1AF6A1C-3A18-4345-8B3D-366BA480E494}.Debug|Any CPU.Build.0 = Debug|Any CPU
		{F1AF6A1C-3A18-4345-8B3D-366BA480E494}.Release|Any CPU.ActiveCfg = Release|Any CPU
		{F1AF6A1C-3A18-4345-8B3D-366BA480E494}.Release|Any CPU.Build.0 = Release|Any CPU
		{9A79B720-2E75-421D-8CE3-5B688842EC01}.Debug|Any CPU.ActiveCfg = Debug|Any CPU
		{9A79B720-2E75-421D-8CE3-5B688842EC01}.Debug|Any CPU.Build.0 = Debug|Any CPU
		{9A79B720-2E75-421D-8CE3-5B688842EC01}.Release|Any CPU.ActiveCfg = Release|Any CPU
		{9A79B720-2E75-421D-8CE3-5B688842EC01}.Release|Any CPU.Build.0 = Release|Any CPU
	EndGlobalSection
	GlobalSection(SolutionProperties) = preSolution
		HideSolutionNode = FALSE
	EndGlobalSection
	GlobalSection(ExtensibilityGlobals) = postSolution
		SolutionGuid = {9CD26072-438D-48C9-8330-B15FD94439B5}
	EndGlobalSection
EndGlobal
